// !$*UTF8*$!
{
	archiveVersion = 1;
	classes = {
	};
	objectVersion = 56;
	objects = {

/* Begin PBXBuildFile section */
		6311A3D329F1DDEF00BA8A06 /* QuizDetailView.swift in Sources */ = {isa = PBXBuildFile; fileRef = 6311A3D229F1DDEF00BA8A06 /* QuizDetailView.swift */; };
		6311A3D529F1F23100BA8A06 /* ArtOfTheDayDetailView.swift in Sources */ = {isa = PBXBuildFile; fileRef = 6311A3D429F1F23100BA8A06 /* ArtOfTheDayDetailView.swift */; };
		634D944E29F0D3E000467FCB /* ArtApp.swift in Sources */ = {isa = PBXBuildFile; fileRef = 634D944D29F0D3E000467FCB /* ArtApp.swift */; };
		634D945029F0D3E000467FCB /* ArtHomePage.swift in Sources */ = {isa = PBXBuildFile; fileRef = 634D944F29F0D3E000467FCB /* ArtHomePage.swift */; };
		634D945229F0D3E100467FCB /* Assets.xcassets in Resources */ = {isa = PBXBuildFile; fileRef = 634D945129F0D3E100467FCB /* Assets.xcassets */; };
		634D945529F0D3E100467FCB /* Preview Assets.xcassets in Resources */ = {isa = PBXBuildFile; fileRef = 634D945429F0D3E100467FCB /* Preview Assets.xcassets */; };
		634D945C29F0D50A00467FCB /* Department.swift in Sources */ = {isa = PBXBuildFile; fileRef = 634D945B29F0D50A00467FCB /* Department.swift */; };
		634D945E29F0D56300467FCB /* Artwork.swift in Sources */ = {isa = PBXBuildFile; fileRef = 634D945D29F0D56300467FCB /* Artwork.swift */; };
		634D946029F0D5EA00467FCB /* DepartmentViewModel.swift in Sources */ = {isa = PBXBuildFile; fileRef = 634D945F29F0D5EA00467FCB /* DepartmentViewModel.swift */; };
		634D946229F0D77800467FCB /* DepartmentListView.swift in Sources */ = {isa = PBXBuildFile; fileRef = 634D946129F0D77800467FCB /* DepartmentListView.swift */; };
		634D946429F0DAF300467FCB /* ArtworkViewModel.swift in Sources */ = {isa = PBXBuildFile; fileRef = 634D946329F0DAF300467FCB /* ArtworkViewModel.swift */; };
		634D946629F0DC7200467FCB /* ArtworkDetailView.swift in Sources */ = {isa = PBXBuildFile; fileRef = 634D946529F0DC7200467FCB /* ArtworkDetailView.swift */; };
/* End PBXBuildFile section */

/* Begin PBXFileReference section */
		6311A3D229F1DDEF00BA8A06 /* QuizDetailView.swift */ = {isa = PBXFileReference; lastKnownFileType = sourcecode.swift; path = QuizDetailView.swift; sourceTree = "<group>"; };
		6311A3D429F1F23100BA8A06 /* ArtOfTheDayDetailView.swift */ = {isa = PBXFileReference; lastKnownFileType = sourcecode.swift; path = ArtOfTheDayDetailView.swift; sourceTree = "<group>"; };
		634D944A29F0D3E000467FCB /* Art.app */ = {isa = PBXFileReference; explicitFileType = wrapper.application; includeInIndex = 0; path = Art.app; sourceTree = BUILT_PRODUCTS_DIR; };
		634D944D29F0D3E000467FCB /* ArtApp.swift */ = {isa = PBXFileReference; lastKnownFileType = sourcecode.swift; path = ArtApp.swift; sourceTree = "<group>"; };
		634D944F29F0D3E000467FCB /* ArtHomePage.swift */ = {isa = PBXFileReference; lastKnownFileType = sourcecode.swift; path = ArtHomePage.swift; sourceTree = "<group>"; };
		634D945129F0D3E100467FCB /* Assets.xcassets */ = {isa = PBXFileReference; lastKnownFileType = folder.assetcatalog; path = Assets.xcassets; sourceTree = "<group>"; };
		634D945429F0D3E100467FCB /* Preview Assets.xcassets */ = {isa = PBXFileReference; lastKnownFileType = folder.assetcatalog; path = "Preview Assets.xcassets"; sourceTree = "<group>"; };
		634D945B29F0D50A00467FCB /* Department.swift */ = {isa = PBXFileReference; lastKnownFileType = sourcecode.swift; path = Department.swift; sourceTree = "<group>"; };
		634D945D29F0D56300467FCB /* Artwork.swift */ = {isa = PBXFileReference; lastKnownFileType = sourcecode.swift; path = Artwork.swift; sourceTree = "<group>"; };
		634D945F29F0D5EA00467FCB /* DepartmentViewModel.swift */ = {isa = PBXFileReference; lastKnownFileType = sourcecode.swift; path = DepartmentViewModel.swift; sourceTree = "<group>"; };
		634D946129F0D77800467FCB /* DepartmentListView.swift */ = {isa = PBXFileReference; lastKnownFileType = sourcecode.swift; path = DepartmentListView.swift; sourceTree = "<group>"; };
		634D946329F0DAF300467FCB /* ArtworkViewModel.swift */ = {isa = PBXFileReference; lastKnownFileType = sourcecode.swift; path = ArtworkViewModel.swift; sourceTree = "<group>"; };
		634D946529F0DC7200467FCB /* ArtworkDetailView.swift */ = {isa = PBXFileReference; lastKnownFileType = sourcecode.swift; path = ArtworkDetailView.swift; sourceTree = "<group>"; };
/* End PBXFileReference section */

/* Begin PBXFrameworksBuildPhase section */
		634D944729F0D3E000467FCB /* Frameworks */ = {
			isa = PBXFrameworksBuildPhase;
			buildActionMask = 2147483647;
			files = (
			);
			runOnlyForDeploymentPostprocessing = 0;
		};
/* End PBXFrameworksBuildPhase section */

/* Begin PBXGroup section */
		634D944129F0D3DF00467FCB = {
			isa = PBXGroup;
			children = (
				634D944C29F0D3E000467FCB /* Art */,
				634D944B29F0D3E000467FCB /* Products */,
			);
			sourceTree = "<group>";
		};
		634D944B29F0D3E000467FCB /* Products */ = {
			isa = PBXGroup;
			children = (
				634D944A29F0D3E000467FCB /* Art.app */,
			);
			name = Products;
			sourceTree = "<group>";
		};
		634D944C29F0D3E000467FCB /* Art */ = {
			isa = PBXGroup;
			children = (
				634D944D29F0D3E000467FCB /* ArtApp.swift */,
				634D945B29F0D50A00467FCB /* Department.swift */,
				634D945D29F0D56300467FCB /* Artwork.swift */,
				634D946329F0DAF300467FCB /* ArtworkViewModel.swift */,
				634D945F29F0D5EA00467FCB /* DepartmentViewModel.swift */,
				634D946129F0D77800467FCB /* DepartmentListView.swift */,
				634D944F29F0D3E000467FCB /* ArtHomePage.swift */,
				634D946529F0DC7200467FCB /* ArtworkDetailView.swift */,
				6311A3D229F1DDEF00BA8A06 /* QuizDetailView.swift */,
				6311A3D429F1F23100BA8A06 /* ArtOfTheDayDetailView.swift */,
				634D945129F0D3E100467FCB /* Assets.xcassets */,
				634D945329F0D3E100467FCB /* Preview Content */,
			);
			path = Art;
			sourceTree = "<group>";
		};
		634D945329F0D3E100467FCB /* Preview Content */ = {
			isa = PBXGroup;
			children = (
				634D945429F0D3E100467FCB /* Preview Assets.xcassets */,
			);
			path = "Preview Content";
			sourceTree = "<group>";
		};
/* End PBXGroup section */

/* Begin PBXNativeTarget section */
		634D944929F0D3E000467FCB /* Art */ = {
			isa = PBXNativeTarget;
			buildConfigurationList = 634D945829F0D3E100467FCB /* Build configuration list for PBXNativeTarget "Art" */;
			buildPhases = (
				634D944629F0D3E000467FCB /* Sources */,
				634D944729F0D3E000467FCB /* Frameworks */,
				634D944829F0D3E000467FCB /* Resources */,
			);
			buildRules = (
			);
			dependencies = (
			);
			name = Art;
			productName = Art;
			productReference = 634D944A29F0D3E000467FCB /* Art.app */;
			productType = "com.apple.product-type.application";
		};
/* End PBXNativeTarget section */

/* Begin PBXProject section */
		634D944229F0D3DF00467FCB /* Project object */ = {
			isa = PBXProject;
			attributes = {
				BuildIndependentTargetsInParallel = 1;
				LastSwiftUpdateCheck = 1420;
				LastUpgradeCheck = 1420;
				TargetAttributes = {
					634D944929F0D3E000467FCB = {
						CreatedOnToolsVersion = 14.2;
					};
				};
			};
			buildConfigurationList = 634D944529F0D3DF00467FCB /* Build configuration list for PBXProject "Art" */;
			compatibilityVersion = "Xcode 14.0";
			developmentRegion = en;
			hasScannedForEncodings = 0;
			knownRegions = (
				en,
				Base,
			);
			mainGroup = 634D944129F0D3DF00467FCB;
			productRefGroup = 634D944B29F0D3E000467FCB /* Products */;
			projectDirPath = "";
			projectRoot = "";
			targets = (
				634D944929F0D3E000467FCB /* Art */,
			);
		};
/* End PBXProject section */

/* Begin PBXResourcesBuildPhase section */
		634D944829F0D3E000467FCB /* Resources */ = {
			isa = PBXResourcesBuildPhase;
			buildActionMask = 2147483647;
			files = (
				634D945529F0D3E100467FCB /* Preview Assets.xcassets in Resources */,
				634D945229F0D3E100467FCB /* Assets.xcassets in Resources */,
			);
			runOnlyForDeploymentPostprocessing = 0;
		};
/* End PBXResourcesBuildPhase section */

/* Begin PBXSourcesBuildPhase section */
		634D944629F0D3E000467FCB /* Sources */ = {
			isa = PBXSourcesBuildPhase;
			buildActionMask = 2147483647;
			files = (
				634D946229F0D77800467FCB /* DepartmentListView.swift in Sources */,
				634D945029F0D3E000467FCB /* ArtHomePage.swift in Sources */,
				634D946629F0DC7200467FCB /* ArtworkDetailView.swift in Sources */,
				6311A3D529F1F23100BA8A06 /* ArtOfTheDayDetailView.swift in Sources */,
				634D944E29F0D3E000467FCB /* ArtApp.swift in Sources */,
				6311A3D329F1DDEF00BA8A06 /* QuizDetailView.swift in Sources */,
				634D946429F0DAF300467FCB /* ArtworkViewModel.swift in Sources */,
				634D945E29F0D56300467FCB /* Artwork.swift in Sources */,
				634D946029F0D5EA00467FCB /* DepartmentViewModel.swift in Sources */,
				634D945C29F0D50A00467FCB /* Department.swift in Sources */,
			);
			runOnlyForDeploymentPostprocessing = 0;
		};
/* End PBXSourcesBuildPhase section */

/* Begin XCBuildConfiguration section */
		634D945629F0D3E100467FCB /* Debug */ = {
			isa = XCBuildConfiguration;
			buildSettings = {
				ALWAYS_SEARCH_USER_PATHS = NO;
				CLANG_ANALYZER_NONNULL = YES;
				CLANG_ANALYZER_NUMBER_OBJECT_CONVERSION = YES_AGGRESSIVE;
				CLANG_CXX_LANGUAGE_STANDARD = "gnu++20";
				CLANG_ENABLE_MODULES = YES;
				CLANG_ENABLE_OBJC_ARC = YES;
				CLANG_ENABLE_OBJC_WEAK = YES;
				CLANG_WARN_BLOCK_CAPTURE_AUTORELEASING = YES;
				CLANG_WARN_BOOL_CONVERSION = YES;
				CLANG_WARN_COMMA = YES;
				CLANG_WARN_CONSTANT_CONVERSION = YES;
				CLANG_WARN_DEPRECATED_OBJC_IMPLEMENTATIONS = YES;
				CLANG_WARN_DIRECT_OBJC_ISA_USAGE = YES_ERROR;
				CLANG_WARN_DOCUMENTATION_COMMENTS = YES;
				CLANG_WARN_EMPTY_BODY = YES;
				CLANG_WARN_ENUM_CONVERSION = YES;
				CLANG_WARN_INFINITE_RECURSION = YES;
				CLANG_WARN_INT_CONVERSION = YES;
				CLANG_WARN_NON_LITERAL_NULL_CONVERSION = YES;
				CLANG_WARN_OBJC_IMPLICIT_RETAIN_SELF = YES;
				CLANG_WARN_OBJC_LITERAL_CONVERSION = YES;
				CLANG_WARN_OBJC_ROOT_CLASS = YES_ERROR;
				CLANG_WARN_QUOTED_INCLUDE_IN_FRAMEWORK_HEADER = YES;
				CLANG_WARN_RANGE_LOOP_ANALYSIS = YES;
				CLANG_WARN_STRICT_PROTOTYPES = YES;
				CLANG_WARN_SUSPICIOUS_MOVE = YES;
				CLANG_WARN_UNGUARDED_AVAILABILITY = YES_AGGRESSIVE;
				CLANG_WARN_UNREACHABLE_CODE = YES;
				CLANG_WARN__DUPLICATE_METHOD_MATCH = YES;
				COPY_PHASE_STRIP = NO;
				DEBUG_INFORMATION_FORMAT = dwarf;
				ENABLE_STRICT_OBJC_MSGSEND = YES;
				ENABLE_TESTABILITY = YES;
				GCC_C_LANGUAGE_STANDARD = gnu11;
				GCC_DYNAMIC_NO_PIC = NO;
				GCC_NO_COMMON_BLOCKS = YES;
				GCC_OPTIMIZATION_LEVEL = 0;
				GCC_PREPROCESSOR_DEFINITIONS = (
					"DEBUG=1",
					"$(inherited)",
				);
				GCC_WARN_64_TO_32_BIT_CONVERSION = YES;
				GCC_WARN_ABOUT_RETURN_TYPE = YES_ERROR;
				GCC_WARN_UNDECLARED_SELECTOR = YES;
				GCC_WARN_UNINITIALIZED_AUTOS = YES_AGGRESSIVE;
				GCC_WARN_UNUSED_FUNCTION = YES;
				GCC_WARN_UNUSED_VARIABLE = YES;
				IPHONEOS_DEPLOYMENT_TARGET = 16.2;
				MTL_ENABLE_DEBUG_INFO = INCLUDE_SOURCE;
				MTL_FAST_MATH = YES;
				ONLY_ACTIVE_ARCH = YES;
				SDKROOT = iphoneos;
				SWIFT_ACTIVE_COMPILATION_CONDITIONS = DEBUG;
				SWIFT_OPTIMIZATION_LEVEL = "-Onone";
			};
			name = Debug;
		};
		634D945729F0D3E100467FCB /* Release */ = {
			isa = XCBuildConfiguration;
			buildSettings = {
				ALWAYS_SEARCH_USER_PATHS = NO;
				CLANG_ANALYZER_NONNULL = YES;
				CLANG_ANALYZER_NUMBER_OBJECT_CONVERSION = YES_AGGRESSIVE;
				CLANG_CXX_LANGUAGE_STANDARD = "gnu++20";
				CLANG_ENABLE_MODULES = YES;
				CLANG_ENABLE_OBJC_ARC = YES;
				CLANG_ENABLE_OBJC_WEAK = YES;
				CLANG_WARN_BLOCK_CAPTURE_AUTORELEASING = YES;
				CLANG_WARN_BOOL_CONVERSION = YES;
				CLANG_WARN_COMMA = YES;
				CLANG_WARN_CONSTANT_CONVERSION = YES;
				CLANG_WARN_DEPRECATED_OBJC_IMPLEMENTATIONS = YES;
				CLANG_WARN_DIRECT_OBJC_ISA_USAGE = YES_ERROR;
				CLANG_WARN_DOCUMENTATION_COMMENTS = YES;
				CLANG_WARN_EMPTY_BODY = YES;
				CLANG_WARN_ENUM_CONVERSION = YES;
				CLANG_WARN_INFINITE_RECURSION = YES;
				CLANG_WARN_INT_CONVERSION = YES;
				CLANG_WARN_NON_LITERAL_NULL_CONVERSION = YES;
				CLANG_WARN_OBJC_IMPLICIT_RETAIN_SELF = YES;
				CLANG_WARN_OBJC_LITERAL_CONVERSION = YES;
				CLANG_WARN_OBJC_ROOT_CLASS = YES_ERROR;
				CLANG_WARN_QUOTED_INCLUDE_IN_FRAMEWORK_HEADER = YES;
				CLANG_WARN_RANGE_LOOP_ANALYSIS = YES;
				CLANG_WARN_STRICT_PROTOTYPES = YES;
				CLANG_WARN_SUSPICIOUS_MOVE = YES;
				CLANG_WARN_UNGUARDED_AVAILABILITY = YES_AGGRESSIVE;
				CLANG_WARN_UNREACHABLE_CODE = YES;
				CLANG_WARN__DUPLICATE_METHOD_MATCH = YES;
				COPY_PHASE_STRIP = NO;
				DEBUG_INFORMATION_FORMAT = "dwarf-with-dsym";
				ENABLE_NS_ASSERTIONS = NO;
				ENABLE_STRICT_OBJC_MSGSEND = YES;
				GCC_C_LANGUAGE_STANDARD = gnu11;
				GCC_NO_COMMON_BLOCKS = YES;
				GCC_WARN_64_TO_32_BIT_CONVERSION = YES;
				GCC_WARN_ABOUT_RETURN_TYPE = YES_ERROR;
				GCC_WARN_UNDECLARED_SELECTOR = YES;
				GCC_WARN_UNINITIALIZED_AUTOS = YES_AGGRESSIVE;
				GCC_WARN_UNUSED_FUNCTION = YES;
				GCC_WARN_UNUSED_VARIABLE = YES;
				IPHONEOS_DEPLOYMENT_TARGET = 16.2;
				MTL_ENABLE_DEBUG_INFO = NO;
				MTL_FAST_MATH = YES;
				SDKROOT = iphoneos;
				SWIFT_COMPILATION_MODE = wholemodule;
				SWIFT_OPTIMIZATION_LEVEL = "-O";
				VALIDATE_PRODUCT = YES;
			};
			name = Release;
		};
		634D945929F0D3E100467FCB /* Debug */ = {
			isa = XCBuildConfiguration;
			buildSettings = {
				ASSETCATALOG_COMPILER_APPICON_NAME = AppIcon;
				ASSETCATALOG_COMPILER_GLOBAL_ACCENT_COLOR_NAME = AccentColor;
				CODE_SIGN_STYLE = Automatic;
				CURRENT_PROJECT_VERSION = 1;
				DEVELOPMENT_ASSET_PATHS = "\"Art/Preview Content\"";
				DEVELOPMENT_TEAM = ZAH35NTN68;
				ENABLE_PREVIEWS = YES;
				GENERATE_INFOPLIST_FILE = YES;
				INFOPLIST_KEY_UIApplicationSceneManifest_Generation = YES;
				INFOPLIST_KEY_UIApplicationSupportsIndirectInputEvents = YES;
				INFOPLIST_KEY_UILaunchScreen_Generation = YES;
				INFOPLIST_KEY_UISupportedInterfaceOrientations_iPad = "UIInterfaceOrientationPortrait UIInterfaceOrientationPortraitUpsideDown UIInterfaceOrientationLandscapeLeft UIInterfaceOrientationLandscapeRight";
				INFOPLIST_KEY_UISupportedInterfaceOrientations_iPhone = "UIInterfaceOrientationPortrait UIInterfaceOrientationLandscapeLeft UIInterfaceOrientationLandscapeRight";
				LD_RUNPATH_SEARCH_PATHS = (
					"$(inherited)",
					"@executable_path/Frameworks",
				);
				MARKETING_VERSION = 1.0;
				PRODUCT_BUNDLE_IDENTIFIER = com.morgan.Art;
				PRODUCT_NAME = "$(TARGET_NAME)";
				SWIFT_EMIT_LOC_STRINGS = YES;
				SWIFT_VERSION = 5.0;
				TARGETED_DEVICE_FAMILY = "1,2";
			};
			name = Debug;
		};
		634D945A29F0D3E100467FCB /* Release */ = {
			isa = XCBuildConfiguration;
			buildSettings = {
				ASSETCATALOG_COMPILER_APPICON_NAME = AppIcon;
				ASSETCATALOG_COMPILER_GLOBAL_ACCENT_COLOR_NAME = AccentColor;
				CODE_SIGN_STYLE = Automatic;
				CURRENT_PROJECT_VERSION = 1;
				DEVELOPMENT_ASSET_PATHS = "\"Art/Preview Content\"";
				DEVELOPMENT_TEAM = ZAH35NTN68;
				ENABLE_PREVIEWS = YES;
				GENERATE_INFOPLIST_FILE = YES;
				INFOPLIST_KEY_UIApplicationSceneManifest_Generation = YES;
				INFOPLIST_KEY_UIApplicationSupportsIndirectInputEvents = YES;
				INFOPLIST_KEY_UILaunchScreen_Generation = YES;
				INFOPLIST_KEY_UISupportedInterfaceOrientations_iPad = "UIInterfaceOrientationPortrait UIInterfaceOrientationPortraitUpsideDown UIInterfaceOrientationLandscapeLeft UIInterfaceOrientationLandscapeRight";
				INFOPLIST_KEY_UISupportedInterfaceOrientations_iPhone = "UIInterfaceOrientationPortrait UIInterfaceOrientationLandscapeLeft UIInterfaceOrientationLandscapeRight";
				LD_RUNPATH_SEARCH_PATHS = (
					"$(inherited)",
					"@executable_path/Frameworks",
				);
				MARKETING_VERSION = 1.0;
				PRODUCT_BUNDLE_IDENTIFIER = com.morgan.Art;
				PRODUCT_NAME = "$(TARGET_NAME)";
				SWIFT_EMIT_LOC_STRINGS = YES;
				SWIFT_VERSION = 5.0;
				TARGETED_DEVICE_FAMILY = "1,2";
			};
			name = Release;
		};
/* End XCBuildConfiguration section */

/* Begin XCConfigurationList section */
		634D944529F0D3DF00467FCB /* Build configuration list for PBXProject "Art" */ = {
			isa = XCConfigurationList;
			buildConfigurations = (
				634D945629F0D3E100467FCB /* Debug */,
				634D945729F0D3E100467FCB /* Release */,
			);
			defaultConfigurationIsVisible = 0;
			defaultConfigurationName = Release;
		};
		634D945829F0D3E100467FCB /* Build configuration list for PBXNativeTarget "Art" */ = {
			isa = XCConfigurationList;
			buildConfigurations = (
				634D945929F0D3E100467FCB /* Debug */,
				634D945A29F0D3E100467FCB /* Release */,
			);
			defaultConfigurationIsVisible = 0;
			defaultConfigurationName = Release;
		};
/* End XCConfigurationList section */
	};
	rootObject = 634D944229F0D3DF00467FCB /* Project object */;
}
